
Microsoft Visual Studio Solution File, Format Version 12.00
# Visual Studio 2013
VisualStudioVersion = 12.0.21005.1
MinimumVisualStudioVersion = 10.0.40219.1
Project("{8BC9CEB8-8B4A-11D0-8D11-00A0C91BC942}") = "NumberRecognizer", "NumberRecognizer\NumberRecognizer.vcxproj", "{B12702AD-ABFB-343A-A199-8E24837244A3}"
EndProject
Project("{8BC9CEB8-8B4A-11D0-8D11-00A0C91BC942}") = "SymbolsExtractor", "SymbolsExtractor\SymbolsExtractor.vcxproj", "{7A7E2054-879D-482D-9F2D-6E3DAF9AD72F}"
EndProject
Project("{8BC9CEB8-8B4A-11D0-8D11-00A0C91BC942}") = "ANNTrainer", "ANNTrainer\ANNTrainer.vcxproj", "{36170CE1-326A-494A-B86D-515969F2FBB0}"
EndProject
Project("{8BC9CEB8-8B4A-11D0-8D11-00A0C91BC942}") = "SNFileCompiler", "SNFileCompiler\SNFileCompiler.vcxproj", "{8F87CBB7-4B6F-48D3-99E8-27F9F5F008CB}"
EndProject
Project("{8BC9CEB8-8B4A-11D0-8D11-00A0C91BC942}") = "SNNumrecDLL", "NumberRecognizer\SNNumrecDLL.vcxproj", "{8D6E8201-65BC-4066-B9AA-9DAB702A65AB}"
EndProject
Global
	GlobalSection(SolutionConfigurationPlatforms) = preSolution
		Debug|Win32 = Debug|Win32
		ImageDebug|Win32 = ImageDebug|Win32
		Release|Win32 = Release|Win32
	EndGlobalSection
	GlobalSection(ProjectConfigurationPlatforms) = postSolution
		{B12702AD-ABFB-343A-A199-8E24837244A3}.Debug|Win32.ActiveCfg = Debug|Win32
		{B12702AD-ABFB-343A-A199-8E24837244A3}.Debug|Win32.Build.0 = Debug|Win32
		{B12702AD-ABFB-343A-A199-8E24837244A3}.ImageDebug|Win32.ActiveCfg = ImageDebug|Win32
		{B12702AD-ABFB-343A-A199-8E24837244A3}.ImageDebug|Win32.Build.0 = ImageDebug|Win32
		{B12702AD-ABFB-343A-A199-8E24837244A3}.Release|Win32.ActiveCfg = Release|Win32
		{B12702AD-ABFB-343A-A199-8E24837244A3}.Release|Win32.Build.0 = Release|Win32
		{7A7E2054-879D-482D-9F2D-6E3DAF9AD72F}.Debug|Win32.ActiveCfg = Debug|Win32
		{7A7E2054-879D-482D-9F2D-6E3DAF9AD72F}.Debug|Win32.Build.0 = Debug|Win32
		{7A7E2054-879D-482D-9F2D-6E3DAF9AD72F}.ImageDebug|Win32.ActiveCfg = ImageDebug|Win32
		{7A7E2054-879D-482D-9F2D-6E3DAF9AD72F}.ImageDebug|Win32.Build.0 = ImageDebug|Win32
		{7A7E2054-879D-482D-9F2D-6E3DAF9AD72F}.Release|Win32.ActiveCfg = Release|Win32
		{7A7E2054-879D-482D-9F2D-6E3DAF9AD72F}.Release|Win32.Build.0 = Release|Win32
		{36170CE1-326A-494A-B86D-515969F2FBB0}.Debug|Win32.ActiveCfg = Debug|Win32
		{36170CE1-326A-494A-B86D-515969F2FBB0}.Debug|Win32.Build.0 = Debug|Win32
		{36170CE1-326A-494A-B86D-515969F2FBB0}.ImageDebug|Win32.ActiveCfg = ImageDebug|Win32
		{36170CE1-326A-494A-B86D-515969F2FBB0}.ImageDebug|Win32.Build.0 = ImageDebug|Win32
		{36170CE1-326A-494A-B86D-515969F2FBB0}.Release|Win32.ActiveCfg = Release|Win32
		{36170CE1-326A-494A-B86D-515969F2FBB0}.Release|Win32.Build.0 = Release|Win32
		{8F87CBB7-4B6F-48D3-99E8-27F9F5F008CB}.Debug|Win32.ActiveCfg = Debug|Win32
		{8F87CBB7-4B6F-48D3-99E8-27F9F5F008CB}.Debug|Win32.Build.0 = Debug|Win32
		{8F87CBB7-4B6F-48D3-99E8-27F9F5F008CB}.ImageDebug|Win32.ActiveCfg = ImageDebug|Win32
		{8F87CBB7-4B6F-48D3-99E8-27F9F5F008CB}.ImageDebug|Win32.Build.0 = ImageDebug|Win32
		{8F87CBB7-4B6F-48D3-99E8-27F9F5F008CB}.Release|Win32.ActiveCfg = Release|Win32
		{8F87CBB7-4B6F-48D3-99E8-27F9F5F008CB}.Release|Win32.Build.0 = Release|Win32
		{8D6E8201-65BC-4066-B9AA-9DAB702A65AB}.Debug|Win32.ActiveCfg = Debug|Win32
		{8D6E8201-65BC-4066-B9AA-9DAB702A65AB}.Debug|Win32.Build.0 = Debug|Win32
		{8D6E8201-65BC-4066-B9AA-9DAB702A65AB}.ImageDebug|Win32.ActiveCfg = Debug|Win32
		{8D6E8201-65BC-4066-B9AA-9DAB702A65AB}.ImageDebug|Win32.Build.0 = Debug|Win32
		{8D6E8201-65BC-4066-B9AA-9DAB702A65AB}.Release|Win32.ActiveCfg = Release|Win32
		{8D6E8201-65BC-4066-B9AA-9DAB702A65AB}.Release|Win32.Build.0 = Release|Win32
	EndGlobalSection
	GlobalSection(SolutionProperties) = preSolution
		HideSolutionNode = FALSE
	EndGlobalSection
	GlobalSection(ExtensibilityGlobals) = postSolution
		Qt5Version = 4.8.5_x86
	EndGlobalSection
EndGlobal
